// !$*UTF8*$!
{
	archiveVersion = 1;
	classes = {
	};
	objectVersion = 48;
	objects = {

/* Begin PBXBuildFile section */
		1C0C3A4F201D352A00AA3F61 /* AppDelegate.swift in Sources */ = {isa = PBXBuildFile; fileRef = 1C0C3A4E201D352A00AA3F61 /* AppDelegate.swift */; };
		1C0C3A51201D352A00AA3F61 /* LogInViewController.swift in Sources */ = {isa = PBXBuildFile; fileRef = 1C0C3A50201D352A00AA3F61 /* LogInViewController.swift */; };
		1C0C3A54201D352A00AA3F61 /* Main.storyboard in Resources */ = {isa = PBXBuildFile; fileRef = 1C0C3A52201D352A00AA3F61 /* Main.storyboard */; };
		1C0C3A57201D352A00AA3F61 /* Homie.xcdatamodeld in Sources */ = {isa = PBXBuildFile; fileRef = 1C0C3A55201D352A00AA3F61 /* Homie.xcdatamodeld */; };
		1C0C3A59201D352A00AA3F61 /* Assets.xcassets in Resources */ = {isa = PBXBuildFile; fileRef = 1C0C3A58201D352A00AA3F61 /* Assets.xcassets */; };
		1C0C3A5C201D352A00AA3F61 /* LaunchScreen.storyboard in Resources */ = {isa = PBXBuildFile; fileRef = 1C0C3A5A201D352A00AA3F61 /* LaunchScreen.storyboard */; };
		1C0C3A67201D4D0600AA3F61 /* UserModel.swift in Sources */ = {isa = PBXBuildFile; fileRef = 1C0C3A66201D4D0600AA3F61 /* UserModel.swift */; };
		1C0C3A69201D4D7300AA3F61 /* BasicAuth.swift in Sources */ = {isa = PBXBuildFile; fileRef = 1C0C3A68201D4D7300AA3F61 /* BasicAuth.swift */; };
		1C0C3A6B201D502800AA3F61 /* UserNetworkingLayer.swift in Sources */ = {isa = PBXBuildFile; fileRef = 1C0C3A6A201D502800AA3F61 /* UserNetworkingLayer.swift */; };
		1C0C3A6E201D574D00AA3F61 /* ManageLogin.swift in Sources */ = {isa = PBXBuildFile; fileRef = 1C0C3A6D201D574D00AA3F61 /* ManageLogin.swift */; };
		1C0C3A70201D5E2400AA3F61 /* HomeViewController.swift in Sources */ = {isa = PBXBuildFile; fileRef = 1C0C3A6F201D5E2400AA3F61 /* HomeViewController.swift */; };
		1C0C3A72201E4BDF00AA3F61 /* Steven.png in Resources */ = {isa = PBXBuildFile; fileRef = 1C0C3A71201E4BDF00AA3F61 /* Steven.png */; };
		1C0C3A74201E4D1000AA3F61 /* homielogowhite.png in Resources */ = {isa = PBXBuildFile; fileRef = 1C0C3A73201E4D1000AA3F61 /* homielogowhite.png */; };
		1C0C3A76201E4DC200AA3F61 /* men-curly-hair (1).jpg in Resources */ = {isa = PBXBuildFile; fileRef = 1C0C3A75201E4DC200AA3F61 /* men-curly-hair (1).jpg */; };
		1C0C3A78201E4EDD00AA3F61 /* FirstViewController.swift in Sources */ = {isa = PBXBuildFile; fileRef = 1C0C3A77201E4EDD00AA3F61 /* FirstViewController.swift */; };
		1C0C3A7A201E51C900AA3F61 /* maplogo.jpg in Resources */ = {isa = PBXBuildFile; fileRef = 1C0C3A79201E51C900AA3F61 /* maplogo.jpg */; };
		1C0C3A7C201E525700AA3F61 /* newicon.png in Resources */ = {isa = PBXBuildFile; fileRef = 1C0C3A7B201E525700AA3F61 /* newicon.png */; };
		1C0C3A7E201E533800AA3F61 /* maxresdefault.jpg in Resources */ = {isa = PBXBuildFile; fileRef = 1C0C3A7D201E533800AA3F61 /* maxresdefault.jpg */; };
		1C0C3A80201E560300AA3F61 /* camara.jpg in Resources */ = {isa = PBXBuildFile; fileRef = 1C0C3A7F201E560300AA3F61 /* camara.jpg */; };
		1C0C3A82201E57D200AA3F61 /* Actual QR.JPG in Resources */ = {isa = PBXBuildFile; fileRef = 1C0C3A81201E57D200AA3F61 /* Actual QR.JPG */; };
		1C0C3A84201E59DF00AA3F61 /* ottawa-homeless-person-byward-market-2.jpg in Resources */ = {isa = PBXBuildFile; fileRef = 1C0C3A83201E59DE00AA3F61 /* ottawa-homeless-person-byward-market-2.jpg */; };
		1C0C3A86201FBE5C00AA3F61 /* Helpers.swift in Sources */ = {isa = PBXBuildFile; fileRef = 1C0C3A85201FBE5C00AA3F61 /* Helpers.swift */; };
		1C0C3A88201FC3B400AA3F61 /* SignUpViewController.swift in Sources */ = {isa = PBXBuildFile; fileRef = 1C0C3A87201FC3B400AA3F61 /* SignUpViewController.swift */; };
		1C166336201FD89B00A291AD /* ScannerViewController.swift in Sources */ = {isa = PBXBuildFile; fileRef = 1C166335201FD89B00A291AD /* ScannerViewController.swift */; };
		1C166338201FDA3B00A291AD /* QRViewController.swift in Sources */ = {isa = PBXBuildFile; fileRef = 1C166337201FDA3B00A291AD /* QRViewController.swift */; };
		F5F4FEC06F4426215F4703F1 /* Pods_Homie.framework in Frameworks */ = {isa = PBXBuildFile; fileRef = FAF90CAC5AD62C745EDB8F4C /* Pods_Homie.framework */; };
/* End PBXBuildFile section */

/* Begin PBXFileReference section */
		1C0C3A4B201D352A00AA3F61 /* Homie.app */ = {isa = PBXFileReference; explicitFileType = wrapper.application; includeInIndex = 0; path = Homie.app; sourceTree = BUILT_PRODUCTS_DIR; };
		1C0C3A4E201D352A00AA3F61 /* AppDelegate.swift */ = {isa = PBXFileReference; lastKnownFileType = sourcecode.swift; path = AppDelegate.swift; sourceTree = "<group>"; };
		1C0C3A50201D352A00AA3F61 /* LogInViewController.swift */ = {isa = PBXFileReference; lastKnownFileType = sourcecode.swift; path = LogInViewController.swift; sourceTree = "<group>"; };
		1C0C3A53201D352A00AA3F61 /* Base */ = {isa = PBXFileReference; lastKnownFileType = file.storyboard; name = Base; path = Base.lproj/Main.storyboard; sourceTree = "<group>"; };
		1C0C3A56201D352A00AA3F61 /* Homie.xcdatamodel */ = {isa = PBXFileReference; lastKnownFileType = wrapper.xcdatamodel; path = Homie.xcdatamodel; sourceTree = "<group>"; };
		1C0C3A58201D352A00AA3F61 /* Assets.xcassets */ = {isa = PBXFileReference; lastKnownFileType = folder.assetcatalog; path = Assets.xcassets; sourceTree = "<group>"; };
		1C0C3A5B201D352A00AA3F61 /* Base */ = {isa = PBXFileReference; lastKnownFileType = file.storyboard; name = Base; path = Base.lproj/LaunchScreen.storyboard; sourceTree = "<group>"; };
		1C0C3A5D201D352A00AA3F61 /* Info.plist */ = {isa = PBXFileReference; lastKnownFileType = text.plist.xml; path = Info.plist; sourceTree = "<group>"; };
		1C0C3A66201D4D0600AA3F61 /* UserModel.swift */ = {isa = PBXFileReference; lastKnownFileType = sourcecode.swift; path = UserModel.swift; sourceTree = "<group>"; };
		1C0C3A68201D4D7300AA3F61 /* BasicAuth.swift */ = {isa = PBXFileReference; lastKnownFileType = sourcecode.swift; path = BasicAuth.swift; sourceTree = "<group>"; };
		1C0C3A6A201D502800AA3F61 /* UserNetworkingLayer.swift */ = {isa = PBXFileReference; lastKnownFileType = sourcecode.swift; path = UserNetworkingLayer.swift; sourceTree = "<group>"; };
		1C0C3A6D201D574D00AA3F61 /* ManageLogin.swift */ = {isa = PBXFileReference; lastKnownFileType = sourcecode.swift; path = ManageLogin.swift; sourceTree = "<group>"; };
		1C0C3A6F201D5E2400AA3F61 /* HomeViewController.swift */ = {isa = PBXFileReference; lastKnownFileType = sourcecode.swift; path = HomeViewController.swift; sourceTree = "<group>"; };
		1C0C3A71201E4BDF00AA3F61 /* Steven.png */ = {isa = PBXFileReference; lastKnownFileType = image.png; path = Steven.png; sourceTree = "<group>"; };
		1C0C3A73201E4D1000AA3F61 /* homielogowhite.png */ = {isa = PBXFileReference; lastKnownFileType = image.png; path = homielogowhite.png; sourceTree = "<group>"; };
		1C0C3A75201E4DC200AA3F61 /* men-curly-hair (1).jpg */ = {isa = PBXFileReference; lastKnownFileType = image.jpeg; path = "men-curly-hair (1).jpg"; sourceTree = "<group>"; };
		1C0C3A77201E4EDD00AA3F61 /* FirstViewController.swift */ = {isa = PBXFileReference; lastKnownFileType = sourcecode.swift; path = FirstViewController.swift; sourceTree = "<group>"; };
		1C0C3A79201E51C900AA3F61 /* maplogo.jpg */ = {isa = PBXFileReference; lastKnownFileType = image.jpeg; path = maplogo.jpg; sourceTree = "<group>"; };
		1C0C3A7B201E525700AA3F61 /* newicon.png */ = {isa = PBXFileReference; lastKnownFileType = image.png; path = newicon.png; sourceTree = "<group>"; };
		1C0C3A7D201E533800AA3F61 /* maxresdefault.jpg */ = {isa = PBXFileReference; lastKnownFileType = image.jpeg; path = maxresdefault.jpg; sourceTree = "<group>"; };
		1C0C3A7F201E560300AA3F61 /* camara.jpg */ = {isa = PBXFileReference; lastKnownFileType = image.jpeg; path = camara.jpg; sourceTree = "<group>"; };
		1C0C3A81201E57D200AA3F61 /* Actual QR.JPG */ = {isa = PBXFileReference; lastKnownFileType = image.jpeg; path = "Actual QR.JPG"; sourceTree = "<group>"; };
		1C0C3A83201E59DE00AA3F61 /* ottawa-homeless-person-byward-market-2.jpg */ = {isa = PBXFileReference; lastKnownFileType = image.jpeg; path = "ottawa-homeless-person-byward-market-2.jpg"; sourceTree = "<group>"; };
		1C0C3A85201FBE5C00AA3F61 /* Helpers.swift */ = {isa = PBXFileReference; lastKnownFileType = sourcecode.swift; path = Helpers.swift; sourceTree = "<group>"; };
		1C0C3A87201FC3B400AA3F61 /* SignUpViewController.swift */ = {isa = PBXFileReference; lastKnownFileType = sourcecode.swift; path = SignUpViewController.swift; sourceTree = "<group>"; };
		1C166335201FD89B00A291AD /* ScannerViewController.swift */ = {isa = PBXFileReference; lastKnownFileType = sourcecode.swift; path = ScannerViewController.swift; sourceTree = "<group>"; };
		1C166337201FDA3B00A291AD /* QRViewController.swift */ = {isa = PBXFileReference; lastKnownFileType = sourcecode.swift; path = QRViewController.swift; sourceTree = "<group>"; };
		49591735D3619CFB7B4E29EB /* Pods-Homie.release.xcconfig */ = {isa = PBXFileReference; includeInIndex = 1; lastKnownFileType = text.xcconfig; name = "Pods-Homie.release.xcconfig"; path = "Pods/Target Support Files/Pods-Homie/Pods-Homie.release.xcconfig"; sourceTree = "<group>"; };
		874C7D7E97301BFFC563F871 /* Pods-Homie.debug.xcconfig */ = {isa = PBXFileReference; includeInIndex = 1; lastKnownFileType = text.xcconfig; name = "Pods-Homie.debug.xcconfig"; path = "Pods/Target Support Files/Pods-Homie/Pods-Homie.debug.xcconfig"; sourceTree = "<group>"; };
		FAF90CAC5AD62C745EDB8F4C /* Pods_Homie.framework */ = {isa = PBXFileReference; explicitFileType = wrapper.framework; includeInIndex = 0; path = Pods_Homie.framework; sourceTree = BUILT_PRODUCTS_DIR; };
/* End PBXFileReference section */

/* Begin PBXFrameworksBuildPhase section */
		1C0C3A48201D352A00AA3F61 /* Frameworks */ = {
			isa = PBXFrameworksBuildPhase;
			buildActionMask = 2147483647;
			files = (
				F5F4FEC06F4426215F4703F1 /* Pods_Homie.framework in Frameworks */,
			);
			runOnlyForDeploymentPostprocessing = 0;
		};
/* End PBXFrameworksBuildPhase section */

/* Begin PBXGroup section */
		1C0C3A42201D352A00AA3F61 = {
			isa = PBXGroup;
			children = (
				1C0C3A4D201D352A00AA3F61 /* Homie */,
				1C0C3A4C201D352A00AA3F61 /* Products */,
				82A7D78131CCDE26AFE95491 /* Pods */,
				37329A679E0B649E9F2712C4 /* Frameworks */,
			);
			sourceTree = "<group>";
		};
		1C0C3A4C201D352A00AA3F61 /* Products */ = {
			isa = PBXGroup;
			children = (
				1C0C3A4B201D352A00AA3F61 /* Homie.app */,
			);
			name = Products;
			sourceTree = "<group>";
		};
		1C0C3A4D201D352A00AA3F61 /* Homie */ = {
			isa = PBXGroup;
			children = (
				1C0C3A6C201D538B00AA3F61 /* View Controllers */,
				1C0C3A65201D4CF400AA3F61 /* Helpers */,
				1C0C3A64201D4CED00AA3F61 /* Networking */,
				1C0C3A63201D4CE700AA3F61 /* Models */,
				1C0C3A4E201D352A00AA3F61 /* AppDelegate.swift */,
				1C0C3A58201D352A00AA3F61 /* Assets.xcassets */,
				1C0C3A52201D352A00AA3F61 /* Main.storyboard */,
				1C0C3A5A201D352A00AA3F61 /* LaunchScreen.storyboard */,
				1C0C3A5D201D352A00AA3F61 /* Info.plist */,
				1C0C3A55201D352A00AA3F61 /* Homie.xcdatamodeld */,
			);
			path = Homie;
			sourceTree = "<group>";
		};
		1C0C3A63201D4CE700AA3F61 /* Models */ = {
			isa = PBXGroup;
			children = (
				1C0C3A66201D4D0600AA3F61 /* UserModel.swift */,
			);
			path = Models;
			sourceTree = "<group>";
		};
		1C0C3A64201D4CED00AA3F61 /* Networking */ = {
			isa = PBXGroup;
			children = (
				1C0C3A6A201D502800AA3F61 /* UserNetworkingLayer.swift */,
			);
			path = Networking;
			sourceTree = "<group>";
		};
		1C0C3A65201D4CF400AA3F61 /* Helpers */ = {
			isa = PBXGroup;
			children = (
				1C0C3A81201E57D200AA3F61 /* Actual QR.JPG */,
				1C0C3A83201E59DE00AA3F61 /* ottawa-homeless-person-byward-market-2.jpg */,
				1C0C3A7D201E533800AA3F61 /* maxresdefault.jpg */,
				1C0C3A7F201E560300AA3F61 /* camara.jpg */,
				1C0C3A79201E51C900AA3F61 /* maplogo.jpg */,
				1C0C3A7B201E525700AA3F61 /* newicon.png */,
				1C0C3A75201E4DC200AA3F61 /* men-curly-hair (1).jpg */,
				1C0C3A73201E4D1000AA3F61 /* homielogowhite.png */,
				1C0C3A71201E4BDF00AA3F61 /* Steven.png */,
				1C0C3A68201D4D7300AA3F61 /* BasicAuth.swift */,
				1C0C3A6D201D574D00AA3F61 /* ManageLogin.swift */,
				1C0C3A85201FBE5C00AA3F61 /* Helpers.swift */,
			);
			path = Helpers;
			sourceTree = "<group>";
		};
		1C0C3A6C201D538B00AA3F61 /* View Controllers */ = {
			isa = PBXGroup;
			children = (
				1C0C3A50201D352A00AA3F61 /* LogInViewController.swift */,
				1C0C3A77201E4EDD00AA3F61 /* FirstViewController.swift */,
				1C0C3A6F201D5E2400AA3F61 /* HomeViewController.swift */,
				1C0C3A87201FC3B400AA3F61 /* SignUpViewController.swift */,
				1C166335201FD89B00A291AD /* ScannerViewController.swift */,
				1C166337201FDA3B00A291AD /* QRViewController.swift */,
			);
			path = "View Controllers";
			sourceTree = "<group>";
		};
		37329A679E0B649E9F2712C4 /* Frameworks */ = {
			isa = PBXGroup;
			children = (
				FAF90CAC5AD62C745EDB8F4C /* Pods_Homie.framework */,
			);
			name = Frameworks;
			sourceTree = "<group>";
		};
		82A7D78131CCDE26AFE95491 /* Pods */ = {
			isa = PBXGroup;
			children = (
				874C7D7E97301BFFC563F871 /* Pods-Homie.debug.xcconfig */,
				49591735D3619CFB7B4E29EB /* Pods-Homie.release.xcconfig */,
			);
			name = Pods;
			sourceTree = "<group>";
		};
/* End PBXGroup section */

/* Begin PBXNativeTarget section */
		1C0C3A4A201D352A00AA3F61 /* Homie */ = {
			isa = PBXNativeTarget;
			buildConfigurationList = 1C0C3A60201D352A00AA3F61 /* Build configuration list for PBXNativeTarget "Homie" */;
			buildPhases = (
				AC29765D5FB826430644AD88 /* [CP] Check Pods Manifest.lock */,
				1C0C3A47201D352A00AA3F61 /* Sources */,
				1C0C3A48201D352A00AA3F61 /* Frameworks */,
				1C0C3A49201D352A00AA3F61 /* Resources */,
				542B452008C31D2A99F99B32 /* [CP] Embed Pods Frameworks */,
				559821C3634DF5D3B7B34B0B /* [CP] Copy Pods Resources */,
			);
			buildRules = (
			);
			dependencies = (
			);
			name = Homie;
			productName = Homie;
			productReference = 1C0C3A4B201D352A00AA3F61 /* Homie.app */;
			productType = "com.apple.product-type.application";
		};
/* End PBXNativeTarget section */

/* Begin PBXProject section */
		1C0C3A43201D352A00AA3F61 /* Project object */ = {
			isa = PBXProject;
			attributes = {
				LastSwiftUpdateCheck = 0920;
				LastUpgradeCheck = 0920;
				ORGANIZATIONNAME = "Matthew Harrilal";
				TargetAttributes = {
					1C0C3A4A201D352A00AA3F61 = {
						CreatedOnToolsVersion = 9.2;
						ProvisioningStyle = Automatic;
					};
				};
			};
			buildConfigurationList = 1C0C3A46201D352A00AA3F61 /* Build configuration list for PBXProject "Homie" */;
			compatibilityVersion = "Xcode 8.0";
			developmentRegion = en;
			hasScannedForEncodings = 0;
			knownRegions = (
				en,
				Base,
			);
			mainGroup = 1C0C3A42201D352A00AA3F61;
			productRefGroup = 1C0C3A4C201D352A00AA3F61 /* Products */;
			projectDirPath = "";
			projectRoot = "";
			targets = (
				1C0C3A4A201D352A00AA3F61 /* Homie */,
			);
		};
/* End PBXProject section */

/* Begin PBXResourcesBuildPhase section */
		1C0C3A49201D352A00AA3F61 /* Resources */ = {
			isa = PBXResourcesBuildPhase;
			buildActionMask = 2147483647;
			files = (
				1C0C3A74201E4D1000AA3F61 /* homielogowhite.png in Resources */,
				1C0C3A7C201E525700AA3F61 /* newicon.png in Resources */,
				1C0C3A5C201D352A00AA3F61 /* LaunchScreen.storyboard in Resources */,
				1C0C3A59201D352A00AA3F61 /* Assets.xcassets in Resources */,
				1C0C3A84201E59DF00AA3F61 /* ottawa-homeless-person-byward-market-2.jpg in Resources */,
				1C0C3A80201E560300AA3F61 /* camara.jpg in Resources */,
				1C0C3A72201E4BDF00AA3F61 /* Steven.png in Resources */,
				1C0C3A82201E57D200AA3F61 /* Actual QR.JPG in Resources */,
				1C0C3A7A201E51C900AA3F61 /* maplogo.jpg in Resources */,
				1C0C3A76201E4DC200AA3F61 /* men-curly-hair (1).jpg in Resources */,
				1C0C3A7E201E533800AA3F61 /* maxresdefault.jpg in Resources */,
				1C0C3A54201D352A00AA3F61 /* Main.storyboard in Resources */,
			);
			runOnlyForDeploymentPostprocessing = 0;
		};
/* End PBXResourcesBuildPhase section */

/* Begin PBXShellScriptBuildPhase section */
		542B452008C31D2A99F99B32 /* [CP] Embed Pods Frameworks */ = {
			isa = PBXShellScriptBuildPhase;
			buildActionMask = 2147483647;
			files = (
			);
			inputPaths = (
				"${SRCROOT}/Pods/Target Support Files/Pods-Homie/Pods-Homie-frameworks.sh",
				"${BUILT_PRODUCTS_DIR}/Alamofire/Alamofire.framework",
				"${BUILT_PRODUCTS_DIR}/Moya/Moya.framework",
				"${BUILT_PRODUCTS_DIR}/QRSwift/QRSwift.framework",
				"${BUILT_PRODUCTS_DIR}/Result/Result.framework",
			);
			name = "[CP] Embed Pods Frameworks";
			outputPaths = (
				"${TARGET_BUILD_DIR}/${FRAMEWORKS_FOLDER_PATH}/Alamofire.framework",
				"${TARGET_BUILD_DIR}/${FRAMEWORKS_FOLDER_PATH}/Moya.framework",
				"${TARGET_BUILD_DIR}/${FRAMEWORKS_FOLDER_PATH}/QRSwift.framework",
				"${TARGET_BUILD_DIR}/${FRAMEWORKS_FOLDER_PATH}/Result.framework",
			);
			runOnlyForDeploymentPostprocessing = 0;
			shellPath = /bin/sh;
			shellScript = "\"${SRCROOT}/Pods/Target Support Files/Pods-Homie/Pods-Homie-frameworks.sh\"\n";
			showEnvVarsInLog = 0;
		};
		559821C3634DF5D3B7B34B0B /* [CP] Copy Pods Resources */ = {
			isa = PBXShellScriptBuildPhase;
			buildActionMask = 2147483647;
			files = (
			);
			inputPaths = (
			);
			name = "[CP] Copy Pods Resources";
			outputPaths = (
			);
			runOnlyForDeploymentPostprocessing = 0;
			shellPath = /bin/sh;
			shellScript = "\"${SRCROOT}/Pods/Target Support Files/Pods-Homie/Pods-Homie-resources.sh\"\n";
			showEnvVarsInLog = 0;
		};
		AC29765D5FB826430644AD88 /* [CP] Check Pods Manifest.lock */ = {
			isa = PBXShellScriptBuildPhase;
			buildActionMask = 2147483647;
			files = (
			);
			inputPaths = (
				"${PODS_PODFILE_DIR_PATH}/Podfile.lock",
				"${PODS_ROOT}/Manifest.lock",
			);
			name = "[CP] Check Pods Manifest.lock";
			outputPaths = (
				"$(DERIVED_FILE_DIR)/Pods-Homie-checkManifestLockResult.txt",
			);
			runOnlyForDeploymentPostprocessing = 0;
			shellPath = /bin/sh;
			shellScript = "diff \"${PODS_PODFILE_DIR_PATH}/Podfile.lock\" \"${PODS_ROOT}/Manifest.lock\" > /dev/null\nif [ $? != 0 ] ; then\n    # print error to STDERR\n    echo \"error: The sandbox is not in sync with the Podfile.lock. Run 'pod install' or update your CocoaPods installation.\" >&2\n    exit 1\nfi\n# This output is used by Xcode 'outputs' to avoid re-running this script phase.\necho \"SUCCESS\" > \"${SCRIPT_OUTPUT_FILE_0}\"\n";
			showEnvVarsInLog = 0;
		};
/* End PBXShellScriptBuildPhase section */

/* Begin PBXSourcesBuildPhase section */
		1C0C3A47201D352A00AA3F61 /* Sources */ = {
			isa = PBXSourcesBuildPhase;
			buildActionMask = 2147483647;
			files = (
				1C0C3A88201FC3B400AA3F61 /* SignUpViewController.swift in Sources */,
				1C0C3A78201E4EDD00AA3F61 /* FirstViewController.swift in Sources */,
				1C0C3A69201D4D7300AA3F61 /* BasicAuth.swift in Sources */,
				1C0C3A51201D352A00AA3F61 /* LogInViewController.swift in Sources */,
				1C0C3A86201FBE5C00AA3F61 /* Helpers.swift in Sources */,
				1C0C3A6B201D502800AA3F61 /* UserNetworkingLayer.swift in Sources */,
				1C0C3A70201D5E2400AA3F61 /* HomeViewController.swift in Sources */,
				1C166336201FD89B00A291AD /* ScannerViewController.swift in Sources */,
				1C0C3A6E201D574D00AA3F61 /* ManageLogin.swift in Sources */,
				1C0C3A57201D352A00AA3F61 /* Homie.xcdatamodeld in Sources */,
				1C166338201FDA3B00A291AD /* QRViewController.swift in Sources */,
				1C0C3A67201D4D0600AA3F61 /* UserModel.swift in Sources */,
				1C0C3A4F201D352A00AA3F61 /* AppDelegate.swift in Sources */,
			);
			runOnlyForDeploymentPostprocessing = 0;
		};
/* End PBXSourcesBuildPhase section */

/* Begin PBXVariantGroup section */
		1C0C3A52201D352A00AA3F61 /* Main.storyboard */ = {
			isa = PBXVariantGroup;
			children = (
				1C0C3A53201D352A00AA3F61 /* Base */,
			);
			name = Main.storyboard;
			sourceTree = "<group>";
		};
		1C0C3A5A201D352A00AA3F61 /* LaunchScreen.storyboard */ = {
			isa = PBXVariantGroup;
			children = (
				1C0C3A5B201D352A00AA3F61 /* Base */,
			);
			name = LaunchScreen.storyboard;
			sourceTree = "<group>";
		};
/* End PBXVariantGroup section */

/* Begin XCBuildConfiguration section */
		1C0C3A5E201D352A00AA3F61 /* Debug */ = {
			isa = XCBuildConfiguration;
			buildSettings = {
				ALWAYS_SEARCH_USER_PATHS = NO;
				CLANG_ANALYZER_NONNULL = YES;
				CLANG_ANALYZER_NUMBER_OBJECT_CONVERSION = YES_AGGRESSIVE;
				CLANG_CXX_LANGUAGE_STANDARD = "gnu++14";
				CLANG_CXX_LIBRARY = "libc++";
				CLANG_ENABLE_MODULES = YES;
				CLANG_ENABLE_OBJC_ARC = YES;
				CLANG_WARN_BLOCK_CAPTURE_AUTORELEASING = YES;
				CLANG_WARN_BOOL_CONVERSION = YES;
				CLANG_WARN_COMMA = YES;
				CLANG_WARN_CONSTANT_CONVERSION = YES;
				CLANG_WARN_DIRECT_OBJC_ISA_USAGE = YES_ERROR;
				CLANG_WARN_DOCUMENTATION_COMMENTS = YES;
				CLANG_WARN_EMPTY_BODY = YES;
				CLANG_WARN_ENUM_CONVERSION = YES;
				CLANG_WARN_INFINITE_RECURSION = YES;
				CLANG_WARN_INT_CONVERSION = YES;
				CLANG_WARN_NON_LITERAL_NULL_CONVERSION = YES;
				CLANG_WARN_OBJC_LITERAL_CONVERSION = YES;
				CLANG_WARN_OBJC_ROOT_CLASS = YES_ERROR;
				CLANG_WARN_RANGE_LOOP_ANALYSIS = YES;
				CLANG_WARN_STRICT_PROTOTYPES = YES;
				CLANG_WARN_SUSPICIOUS_MOVE = YES;
				CLANG_WARN_UNGUARDED_AVAILABILITY = YES_AGGRESSIVE;
				CLANG_WARN_UNREACHABLE_CODE = YES;
				CLANG_WARN__DUPLICATE_METHOD_MATCH = YES;
				CODE_SIGN_IDENTITY = "iPhone Developer";
				COPY_PHASE_STRIP = NO;
				DEBUG_INFORMATION_FORMAT = dwarf;
				ENABLE_STRICT_OBJC_MSGSEND = YES;
				ENABLE_TESTABILITY = YES;
				GCC_C_LANGUAGE_STANDARD = gnu11;
				GCC_DYNAMIC_NO_PIC = NO;
				GCC_NO_COMMON_BLOCKS = YES;
				GCC_OPTIMIZATION_LEVEL = 0;
				GCC_PREPROCESSOR_DEFINITIONS = (
					"DEBUG=1",
					"$(inherited)",
				);
				GCC_WARN_64_TO_32_BIT_CONVERSION = YES;
				GCC_WARN_ABOUT_RETURN_TYPE = YES_ERROR;
				GCC_WARN_UNDECLARED_SELECTOR = YES;
				GCC_WARN_UNINITIALIZED_AUTOS = YES_AGGRESSIVE;
				GCC_WARN_UNUSED_FUNCTION = YES;
				GCC_WARN_UNUSED_VARIABLE = YES;
				IPHONEOS_DEPLOYMENT_TARGET = 11.2;
				MTL_ENABLE_DEBUG_INFO = YES;
				ONLY_ACTIVE_ARCH = YES;
				SDKROOT = iphoneos;
				SWIFT_ACTIVE_COMPILATION_CONDITIONS = DEBUG;
				SWIFT_OPTIMIZATION_LEVEL = "-Onone";
			};
			name = Debug;
		};
		1C0C3A5F201D352A00AA3F61 /* Release */ = {
			isa = XCBuildConfiguration;
			buildSettings = {
				ALWAYS_SEARCH_USER_PATHS = NO;
				CLANG_ANALYZER_NONNULL = YES;
				CLANG_ANALYZER_NUMBER_OBJECT_CONVERSION = YES_AGGRESSIVE;
				CLANG_CXX_LANGUAGE_STANDARD = "gnu++14";
				CLANG_CXX_LIBRARY = "libc++";
				CLANG_ENABLE_MODULES = YES;
				CLANG_ENABLE_OBJC_ARC = YES;
				CLANG_WARN_BLOCK_CAPTURE_AUTORELEASING = YES;
				CLANG_WARN_BOOL_CONVERSION = YES;
				CLANG_WARN_COMMA = YES;
				CLANG_WARN_CONSTANT_CONVERSION = YES;
				CLANG_WARN_DIRECT_OBJC_ISA_USAGE = YES_ERROR;
				CLANG_WARN_DOCUMENTATION_COMMENTS = YES;
				CLANG_WARN_EMPTY_BODY = YES;
				CLANG_WARN_ENUM_CONVERSION = YES;
				CLANG_WARN_INFINITE_RECURSION = YES;
				CLANG_WARN_INT_CONVERSION = YES;
				CLANG_WARN_NON_LITERAL_NULL_CONVERSION = YES;
				CLANG_WARN_OBJC_LITERAL_CONVERSION = YES;
				CLANG_WARN_OBJC_ROOT_CLASS = YES_ERROR;
				CLANG_WARN_RANGE_LOOP_ANALYSIS = YES;
				CLANG_WARN_STRICT_PROTOTYPES = YES;
				CLANG_WARN_SUSPICIOUS_MOVE = YES;
				CLANG_WARN_UNGUARDED_AVAILABILITY = YES_AGGRESSIVE;
				CLANG_WARN_UNREACHABLE_CODE = YES;
				CLANG_WARN__DUPLICATE_METHOD_MATCH = YES;
				CODE_SIGN_IDENTITY = "iPhone Developer";
				COPY_PHASE_STRIP = NO;
				DEBUG_INFORMATION_FORMAT = "dwarf-with-dsym";
				ENABLE_NS_ASSERTIONS = NO;
				ENABLE_STRICT_OBJC_MSGSEND = YES;
				GCC_C_LANGUAGE_STANDARD = gnu11;
				GCC_NO_COMMON_BLOCKS = YES;
				GCC_WARN_64_TO_32_BIT_CONVERSION = YES;
				GCC_WARN_ABOUT_RETURN_TYPE = YES_ERROR;
				GCC_WARN_UNDECLARED_SELECTOR = YES;
				GCC_WARN_UNINITIALIZED_AUTOS = YES_AGGRESSIVE;
				GCC_WARN_UNUSED_FUNCTION = YES;
				GCC_WARN_UNUSED_VARIABLE = YES;
				IPHONEOS_DEPLOYMENT_TARGET = 11.2;
				MTL_ENABLE_DEBUG_INFO = NO;
				SDKROOT = iphoneos;
				SWIFT_OPTIMIZATION_LEVEL = "-Owholemodule";
				VALIDATE_PRODUCT = YES;
			};
			name = Release;
		};
		1C0C3A61201D352A00AA3F61 /* Debug */ = {
			isa = XCBuildConfiguration;
			baseConfigurationReference = 874C7D7E97301BFFC563F871 /* Pods-Homie.debug.xcconfig */;
			buildSettings = {
				ASSETCATALOG_COMPILER_APPICON_NAME = AppIcon;
				CODE_SIGN_STYLE = Automatic;
				DEVELOPMENT_TEAM = R4WEEFNVWZ;
				INFOPLIST_FILE = Homie/Info.plist;
				LD_RUNPATH_SEARCH_PATHS = "$(inherited) @executable_path/Frameworks";
				PRODUCT_BUNDLE_IDENTIFIER = m.Homie;
				PRODUCT_NAME = "$(TARGET_NAME)";
				SWIFT_VERSION = 4.0;
				TARGETED_DEVICE_FAMILY = "1,2";
			};
			name = Debug;
		};
		1C0C3A62201D352A00AA3F61 /* Release */ = {
			isa = XCBuildConfiguration;
			baseConfigurationReference = 49591735D3619CFB7B4E29EB /* Pods-Homie.release.xcconfig */;
			buildSettings = {
				ASSETCATALOG_COMPILER_APPICON_NAME = AppIcon;
				CODE_SIGN_STYLE = Automatic;
				DEVELOPMENT_TEAM = R4WEEFNVWZ;
				INFOPLIST_FILE = Homie/Info.plist;
				LD_RUNPATH_SEARCH_PATHS = "$(inherited) @executable_path/Frameworks";
				PRODUCT_BUNDLE_IDENTIFIER = m.Homie;
				PRODUCT_NAME = "$(TARGET_NAME)";
				SWIFT_VERSION = 4.0;
				TARGETED_DEVICE_FAMILY = "1,2";
			};
			name = Release;
		};
/* End XCBuildConfiguration section */

/* Begin XCConfigurationList section */
		1C0C3A46201D352A00AA3F61 /* Build configuration list for PBXProject "Homie" */ = {
			isa = XCConfigurationList;
			buildConfigurations = (
				1C0C3A5E201D352A00AA3F61 /* Debug */,
				1C0C3A5F201D352A00AA3F61 /* Release */,
			);
			defaultConfigurationIsVisible = 0;
			defaultConfigurationName = Release;
		};
		1C0C3A60201D352A00AA3F61 /* Build configuration list for PBXNativeTarget "Homie" */ = {
			isa = XCConfigurationList;
			buildConfigurations = (
				1C0C3A61201D352A00AA3F61 /* Debug */,
				1C0C3A62201D352A00AA3F61 /* Release */,
			);
			defaultConfigurationIsVisible = 0;
			defaultConfigurationName = Release;
		};
/* End XCConfigurationList section */

/* Begin XCVersionGroup section */
		1C0C3A55201D352A00AA3F61 /* Homie.xcdatamodeld */ = {
			isa = XCVersionGroup;
			children = (
				1C0C3A56201D352A00AA3F61 /* Homie.xcdatamodel */,
			);
			currentVersion = 1C0C3A56201D352A00AA3F61 /* Homie.xcdatamodel */;
			path = Homie.xcdatamodeld;
			sourceTree = "<group>";
			versionGroupType = wrapper.xcdatamodel;
		};
/* End XCVersionGroup section */
	};
	rootObject = 1C0C3A43201D352A00AA3F61 /* Project object */;
}
